# This file is generated by running "yarn install" inside your project.
# Manual changes might be lost - proceed with caution!

__metadata:
  version: 6
  cacheKey: 8

"Base64@npm:~0.1.2":
  version: 0.1.4
  resolution: "Base64@npm:0.1.4"
  checksum: 5fe86a0812e9f4dd26fc63e60eae1df87dcecb68bd54a881a78d61d0b8747dcd563341c8865f1114a0e776b12c16fe2bf9f79e1d880b4769ca83d6544c0e7047
  languageName: node
  linkType: hard

"JSONSelect@npm:0.4.0":
  version: 0.4.0
  resolution: "JSONSelect@npm:0.4.0"
  checksum: e2b15afd47074868c4a27f04f48e6e1c8f2b91a6c36b7a77a59ed5b3e3e93852fbb7b2c795bcab8df3a44fbd1ff72db7413ee05f23b4c22156d760f8d81ad2cf
  languageName: node
  linkType: hard

"JSONStream@npm:~0.4.3":
  version: 0.4.4
  resolution: "JSONStream@npm:0.4.4"
  dependencies:
    jsonparse: 0.0.5
  checksum: 2f13b41438d4b20307d0c0fe8e2770914d2bea1d0403da5ae0cb6f7279573446d759c38483277eb1c8ab3ab6028a2593432deccdb86ab6a064b4ac33dab185b3
  languageName: node
  linkType: hard

"JSONStream@npm:~0.6.4":
  version: 0.6.4
  resolution: "JSONStream@npm:0.6.4"
  dependencies:
    jsonparse: 0.0.5
    through: ~2.2.7
  checksum: 0104feba1dffc569fef66abd159ed3ef2a94cfc278cef4b612fb2b77ac07d6a13c4085986f53643c138ce55f38d90db08c2b2f5ede4802be0c1fb9029c168f96
  languageName: node
  linkType: hard

"JSV@npm:>= 4.0.x":
  version: 4.0.2
  resolution: "JSV@npm:4.0.2"
  checksum: 9e2e070b2149d4ffed6c135dedb5f8cebb870dc63c0ca6d3cb647067248c7ca15d1a934ee46e9d2ac0e468436d0f70bc1b63cd5f93e705ee9aa0669430e6e66f
  languageName: node
  linkType: hard

"amdefine@npm:>=0.0.4":
  version: 1.0.1
  resolution: "amdefine@npm:1.0.1"
  checksum: 9d4e15b94641643a9385b2841b4cb2bcf4e8e2f741ea4bd475c93ad7bab261ad4ed827a32e9c549b38b98759c4526c173ae4e6dde8caeb75ee5cebedc9863762
  languageName: node
  linkType: hard

"ansi-font@npm:0.0.2":
  version: 0.0.2
  resolution: "ansi-font@npm:0.0.2"
  checksum: 0d7b9d8c84473652786c64a55e451c4cae4a34c6398ce1e5e8344342817097da3c160ac4fcd93a0d7d14092332b6aae32a24482b35d79405ca2b8858defe8c62
  languageName: node
  linkType: hard

"ansi-styles@npm:~1.0.0":
  version: 1.0.0
  resolution: "ansi-styles@npm:1.0.0"
  checksum: 6dd47dccb268b4cc1fd0dd6617067a7acd34ad2761f0438800fdd55c0d45f50a90787acd82806009c2bf467f4e2920166be03e19b23529038c1c4527d80f598b
  languageName: node
  linkType: hard

"astw@npm:~0.0.0":
  version: 0.0.0
  resolution: "astw@npm:0.0.0"
  dependencies:
    esprima: 1.0.2
  checksum: a6be0131c89a66e406c9eeac77fea75aea57ff00345c1654d7d01d11b63d21d8f26ae3bd2cafb8c1c58f847961059c744782557162fbb4759a522edadeaffd1e
  languageName: node
  linkType: hard

"async@npm:~0.2.6":
  version: 0.2.10
  resolution: "async@npm:0.2.10"
  checksum: 9ea83419ba67dc4ecf42d4eb0d93ce0ac80a67cabb612f160ed096aef5d001e3184ec9e9be5d4dc39b2c51a34e2ae16f9b21d737068b0f615fccb4eea16d0138
  languageName: node
  linkType: hard

"base64-js@npm:0.0.2":
  version: 0.0.2
  resolution: "base64-js@npm:0.0.2"
  checksum: 42b34eb8355b87b70ec1a06890b39c2612883bb053c2e2b3852ad7b45a5925cc91aa663ece19cf1649e34739e8bb36ebc890c2d6476961fb3751a94955d23c5f
  languageName: node
  linkType: hard

"base64-js@npm:0.0.8":
  version: 0.0.8
  resolution: "base64-js@npm:0.0.8"
  checksum: e95d2fa4b9000789fedd1e1ebac7830a70f5b1c06c72b2cf7862a48335af5d42229c0deda5085b2c8e403e479b612a55cd682bd4438838980d07cfc21c91e750
  languageName: node
  linkType: hard

"bops@npm:0.0.6":
  version: 0.0.6
  resolution: "bops@npm:0.0.6"
  dependencies:
    base64-js: 0.0.2
    to-utf8: 0.0.1
  checksum: d058026feb3f521c09fd5aa1c00cbf10b10a2fc3b5c51f3bc3c5b9fb01d5ecea733497d24f20ae8720b115b798665f76f814d6025148a5b51611abdf4289d4e7
  languageName: node
  linkType: hard

"browser-builtins@npm:2.0.5":
  version: 2.0.5
  resolution: "browser-builtins@npm:2.0.5"
  dependencies:
    buffer-browserify: 0.2.x
    console-browserify: ~1.0.1
    constants-browserify: 0.0.x
    crypto-browserify: 1.0.x
    http-browserify: 0.1.x
    os-browserify: 0.1.x
    punycode: 1.2.x
    vm-browserify: 0.0.x
    zlib-browserify: 0.0.x
  checksum: eeb019787c99bcb320cc72d50c8ba279e90674b345b586cf4db8ee1ca688eef9b70e9fc38961a65c796a2329fe1aac8439275d2a38de98a40d4d2091ab6ebc21
  languageName: node
  linkType: hard

"browser-pack@npm:~1.1.0":
  version: 1.1.0
  resolution: "browser-pack@npm:1.1.0"
  dependencies:
    JSONStream: ~0.6.4
    combine-source-map: ~0.3.0
    through: ~2.3.4
  bin:
    browser-pack: bin/cmd.js
  checksum: 096c9abdc4f25e758ffbfdf8315d48963c33988a17e79fc2f9a076ba2b19c7f34ade029fb5e4781df74103798fcb6e473ac1bc169fa69c4c962b16e232fc7bea
  languageName: node
  linkType: hard

"browser-resolve@npm:~1.2.0":
  version: 1.2.4
  resolution: "browser-resolve@npm:1.2.4"
  dependencies:
    resolve: 0.6.3
  checksum: 0d20d5bc6b195a8320f842dba9f3ac3b3435099ca9439807d4cc82e61cdd3016e888e79f5e0aba9734e3a8a47aa24aa0501ebbe102061c1b9827e3cb83ad390c
  languageName: node
  linkType: hard

"browserify@npm:2.x.x":
  version: 2.36.1
  resolution: "browserify@npm:2.36.1"
  dependencies:
    JSONStream: ~0.6.4
    browser-builtins: 2.0.5
    browser-pack: ~1.1.0
    browser-resolve: ~1.2.0
    concat-stream: ~1.0.0
    deep-equal: ~0.1.0
    deps-sort: ~0.1.1
    duplexer: ~0.1.1
    inherits: ~1.0.0
    insert-module-globals: ~1.3.0
    module-deps: ~1.1.0
    optimist: ~0.5.1
    parents: ~0.0.1
    shell-quote: ~0.0.1
    stream-combiner: ~0.0.2
    syntax-error: ~0.0.0
    through: ~2.3.4
    umd: ~1.3.0
  bin:
    browserify: bin/cmd.js
  checksum: c2c7059948962306eb29bddf53b9b43df12e93b5526bdf2b65762414ab194280d5fc48e39b952d24ce70c827c9ecff755489bc90c1e929d8ea5f06e53b99f6ec
  languageName: node
  linkType: hard

"buffer-browserify@npm:0.2.x":
  version: 0.2.5
  resolution: "buffer-browserify@npm:0.2.5"
  dependencies:
    base64-js: 0.0.8
  checksum: 2530d5fe57018e6f7eb4d3efff20d41a497dea8da93123c9d6fdcab923a8f8dacd83403cafa37f923c0a6b65935416440b87a2c0193338c55ba4cb6de8ebcb71
  languageName: node
  linkType: hard

"callsite@npm:~1.0.0":
  version: 1.0.0
  resolution: "callsite@npm:1.0.0"
  checksum: 569686d622a288a4f0a827466c2f967b6d7a98f2ee1e6ada9dcf5a6802267a5e2a995d40f07113b5f95c7b2b2d5cbff4fdde590195f2a8bed24b829d048688f8
  languageName: node
  linkType: hard

"camelcase@npm:^1.0.2":
  version: 1.2.1
  resolution: "camelcase@npm:1.2.1"
  checksum: 3da5ab4bb997f33e57023ddee39887e0d3f34ce5a2d41bcfe84454ee528c4fd769a4f9a428168bf9b24aca9338699885ffb63527acb02834c31b864d4b0d2299
  languageName: node
  linkType: hard

"chalk@npm:~0.4.0":
  version: 0.4.0
  resolution: "chalk@npm:0.4.0"
  dependencies:
    ansi-styles: ~1.0.0
    has-color: ~0.1.0
    strip-ansi: ~0.1.0
  checksum: e8f04f387b9fbf746fdce4b61a633f8a0d28224d8b022603db0f2d137471a18c5bc0bc33b243df09c361688f12bd3ab8a9dd1f8b4450d5a361bfe83aadbde739
  languageName: node
  linkType: hard

"cjson@npm:0.3.0":
  version: 0.3.0
  resolution: "cjson@npm:0.3.0"
  dependencies:
    jsonlint: 1.6.0
  checksum: 113f0703b3558e68096fcca27c5bf407d820b503399141ca08f32d7fba73ab476d0ecc10df9f3c3caf272d6d887413e1f3660de17541edefe2ee98db375f9e6c
  languageName: node
  linkType: hard

"colors@npm:0.5.x":
  version: 0.5.1
  resolution: "colors@npm:0.5.1"
  checksum: ef0533f715066999335270424800907dcedfe6fa11127ff700bffab8466ef058446d00ef37c728f3e4cfa60b4695fbe10d194e4646dd57d110496f2adaefeefe
  languageName: node
  linkType: hard

"combine-source-map@npm:~0.3.0":
  version: 0.3.0
  resolution: "combine-source-map@npm:0.3.0"
  dependencies:
    convert-source-map: ~0.3.0
    inline-source-map: ~0.3.0
    source-map: ~0.1.31
  checksum: 7f7d5d5d3a7890df857a3943a63d44898637e374ceaf0a2b661dca60f3b95f6f00189f9bf1eb40ee621e5d7a38b148dee886d38f94acfb29e16a2c0e28451365
  languageName: node
  linkType: hard

"commondir@npm:~0.0.1":
  version: 0.0.2
  resolution: "commondir@npm:0.0.2"
  checksum: 39aba8fa314d3224b63a1d39d85efc49cc3b0bb1a2b8495beea2cc2ca560a022772826a0b9a772efaa82d0289a252b00cc95e2d0a32b03300d94f4cc1867789b
  languageName: node
  linkType: hard

"concat-stream@npm:~1.0.0":
  version: 1.0.1
  resolution: "concat-stream@npm:1.0.1"
  dependencies:
    bops: 0.0.6
  checksum: 5fcec51b61a9b9f6354494c158f039db052017c317894a261059bf15362d7f47f2a36a830eab222a3282bb23b086a1ac09e5155ee7ed959e10790fc4a6aab738
  languageName: node
  linkType: hard

"console-browserify@npm:~1.0.1":
  version: 1.0.3
  resolution: "console-browserify@npm:1.0.3"
  checksum: 172746b9f42316c9d33f8f6304c045ec5c8482a631043d9b0fbdd28cd70ab7c0732e6991a67f4eb0dfdccc3eb8baf06245564ff4e737b3a369d82b76c54c0b78
  languageName: node
  linkType: hard

"constants-browserify@npm:0.0.x":
  version: 0.0.1
  resolution: "constants-browserify@npm:0.0.1"
  checksum: 1ee42e4f54929589c30273ae46dadd3435c26ac90a6a1bee09663403cadaeb2d511cf52c7816e4d08728b20e32f64d3757cd873896a3f3fd6624b58c3ef9082c
  languageName: node
  linkType: hard

"convert-source-map@npm:~0.3.0":
  version: 0.3.5
  resolution: "convert-source-map@npm:0.3.5"
  checksum: 33b209aa8f33bcaa9a22f2dbf6bfb71f4a429d8e948068d61b6087304e3194c30016d1e02e842184e653b74442c7e2dd2e7db97532b67f556aded3d8b4377a2c
  languageName: node
  linkType: hard

"crypto-browserify@npm:1.0.x":
  version: 1.0.9
  resolution: "crypto-browserify@npm:1.0.9"
  checksum: 6cff1eaf2afabf01ced0cfe5d289a540e46242e3acb8dbac27bb7d010f3b67145e134d392865603cabbae1dd77396ff3941481e5ccc7c52881061e82f10b5ac5
  languageName: node
  linkType: hard

"decamelize@npm:^1.0.0":
  version: 1.2.0
  resolution: "decamelize@npm:1.2.0"
  checksum: ad8c51a7e7e0720c70ec2eeb1163b66da03e7616d7b98c9ef43cce2416395e84c1e9548dd94f5f6ffecfee9f8b94251fc57121a8b021f2ff2469b2bae247b8aa
  languageName: node
  linkType: hard

"deep-equal@npm:~0.0.0":
  version: 0.0.0
  resolution: "deep-equal@npm:0.0.0"
  checksum: 024cf06cfe917e2f2debf531891537fa21a859a8e5696085d97aefc89e20c66ac20f98dd472fcbe0001f235a3b978a1f5bbbfd661ca795d87e5832b3831bd01a
  languageName: node
  linkType: hard

"deep-equal@npm:~0.1.0":
  version: 0.1.2
  resolution: "deep-equal@npm:0.1.2"
  checksum: cfbf683d496c3e5605f151359f7eba35838f6e9d709a9437a668a0d258dbc7bbad5d9376873e15c4ce4c1cf9c98b790eadcb15f0b1209ce17e8ad0d7932b7a14
  languageName: node
  linkType: hard

"defined@npm:~0.0.0":
  version: 0.0.0
  resolution: "defined@npm:0.0.0"
  checksum: 037f80bb4d8b92e72ca99f1b24d1d9d683741b28b9cb9c7b5f4a4c913826fd7f4b103440a623a3882f2218ec3d87649fbf86c65c45e6999cf1124b9a8924fca5
  languageName: node
  linkType: hard

"deps-sort@npm:~0.1.1":
  version: 0.1.2
  resolution: "deps-sort@npm:0.1.2"
  dependencies:
    JSONStream: ~0.6.4
    minimist: ~0.0.1
    through: ~2.3.4
  bin:
    deps-sort: bin/cmd.js
  checksum: 7fbfd92ba2238b8e2ced6de81da13e697e30895dd97f2c4a66adf13fa48ee5fba184d3924e04bfb7df778c67d94206fcf50ab660c037b38e409a8e371b62c1c5
  languageName: node
  linkType: hard

"detective@npm:~2.1.2":
  version: 2.1.2
  resolution: "detective@npm:2.1.2"
  dependencies:
    escodegen: 0.0.15
    esprima: 1.0.2
  checksum: bd7e964ddb8099bfa18e73db16cffbc4a3639fe1b4b7c39672e8d3a46347506518a3d702766dfe71b555e7b4598c866371b869c66ecde9fb523c15899015b214
  languageName: node
  linkType: hard

"duplexer@npm:~0.0.3":
  version: 0.0.4
  resolution: "duplexer@npm:0.0.4"
  checksum: 001045d3c58f79c5ccdd13b26f57e57fe1fb4ddb09c45bf05f51a31ec33c7d66521a9b118a22cf690670bd8846cdb1c75f44cb7e0d6a56a59255716c0861e4e1
  languageName: node
  linkType: hard

"duplexer@npm:~0.1.1":
  version: 0.1.2
  resolution: "duplexer@npm:0.1.2"
  checksum: 62ba61a830c56801db28ff6305c7d289b6dc9f859054e8c982abd8ee0b0a14d2e9a8e7d086ffee12e868d43e2bbe8a964be55ddbd8c8957714c87373c7a4f9b0
  languageName: node
  linkType: hard

"ebnf-parser@npm:0.1.10":
  version: 0.1.10
  resolution: "ebnf-parser@npm:0.1.10"
  checksum: cdce20fcd2ae1e4ba708c25c0d0ddd750c920004a9a053953d6d807db223d06916dd99754239ab0a2e1a314c8bf5b6e8eb5cf9a7b7786ad7af189f06dcb5df0f
  languageName: node
  linkType: hard

"escodegen@npm:0.0.15":
  version: 0.0.15
  resolution: "escodegen@npm:0.0.15"
  dependencies:
    esprima: ">= 1.0.0"
    source-map: ">= 0.1.2"
  dependenciesMeta:
    source-map:
      optional: true
  bin:
    escodegen: ./bin/escodegen.js
    esgenerate: ./bin/esgenerate.js
  checksum: 123b43f2b10d98f9875caf96cb31db763f9731bc419f36e85b679288b48db6a114347d55ab9f5867dc4a902ad57285dc091166dc4ef26746f92c2b5264e39f53
  languageName: node
  linkType: hard

"escodegen@npm:1.3.x":
  version: 1.3.3
  resolution: "escodegen@npm:1.3.3"
  dependencies:
    esprima: ~1.1.1
    estraverse: ~1.5.0
    esutils: ~1.0.0
    source-map: ~0.1.33
  dependenciesMeta:
    source-map:
      optional: true
  bin:
    escodegen: ./bin/escodegen.js
    esgenerate: ./bin/esgenerate.js
  checksum: b129392addbb347192ef3c439bf33d56ada5e9fc66f3cc41a5d3974d2036e091022b8682c5ab7b96bd70f6bec110378f7870c809384a093ed15307543e142e64
  languageName: node
  linkType: hard

"esprima@npm:1.0.2":
  version: 1.0.2
  resolution: "esprima@npm:1.0.2"
  bin:
    esparse: ./bin/esparse.js
    esvalidate: ./bin/esvalidate.js
  checksum: 8691ace68f4a8882ff027e79336405b9766f6e171bf37a217323f95d99af518436b18fcb9f5d9b02c760a3197b49e120fdd996e4476169c06e27e1619d4dacaa
  languageName: node
  linkType: hard

"esprima@npm:1.1.x, esprima@npm:~1.1.1":
  version: 1.1.1
  resolution: "esprima@npm:1.1.1"
  bin:
    esparse: ./bin/esparse.js
    esvalidate: ./bin/esvalidate.js
  checksum: 9285b74e7ab5c934fffc24516d3380f7a758ee0fd106102edf2b0fcc085be191976d4d5bdcdae1d826d5eb0d25ab968f2bec1ee9f31b0e27b4da24ac7e18a763
  languageName: node
  linkType: hard

"esprima@npm:>= 1.0.0":
  version: 4.0.1
  resolution: "esprima@npm:4.0.1"
  bin:
    esparse: ./bin/esparse.js
    esvalidate: ./bin/esvalidate.js
  checksum: b45bc805a613dbea2835278c306b91aff6173c8d034223fa81498c77dcbce3b2931bf6006db816f62eacd9fd4ea975dfd85a5b7f3c6402cfd050d4ca3c13a628
  languageName: node
  linkType: hard

"esprima@npm:~0.9.9":
  version: 0.9.9
  resolution: "esprima@npm:0.9.9"
  bin:
    esparse: ./bin/esparse.js
  checksum: 3f70c3643ec8b8a55848c9190ca574e882084ecb8139ec46697c391f0d5cc3dcf7cc249991d78583401f85c682843aa9de24f07eb4270f0ee0a9a8efba5ad453
  languageName: node
  linkType: hard

"estraverse@npm:~1.5.0":
  version: 1.5.1
  resolution: "estraverse@npm:1.5.1"
  checksum: f2d62bfd22a106f53c043f643f5d73a1b3004e58d6c215dec9f9fcc1d1356daf5e7417a3384d45367e224871a67b298e081e1aa06ceb361425f98264f33dcac0
  languageName: node
  linkType: hard

"esutils@npm:~1.0.0":
  version: 1.0.0
  resolution: "esutils@npm:1.0.0"
  checksum: 7c524f1744219908698ea4b5349f494bf7e308d3b5f4a459b08c24cb0f35ef0de450f6d8cf9683c96f9339699e80ce2e1ffb530b5a255ec8b50a1e1e50140ffc
  languageName: node
  linkType: hard

"has-color@npm:~0.1.0":
  version: 0.1.7
  resolution: "has-color@npm:0.1.7"
  checksum: 5753d76b1330bc1f5a07171f222ed0718f5ec2d64d5677800e434f183a99f7042f5cda43c9625a2d0f0204063aa03499a66f1c15283d789773b3544f18f93f58
  languageName: node
  linkType: hard

"http-browserify@npm:0.1.x":
  version: 0.1.14
  resolution: "http-browserify@npm:0.1.14"
  dependencies:
    Base64: ~0.1.2
    concat-stream: ~1.0.0
  checksum: 521f8281489ce606e556df31224b70f9c6582cd756c4433f3baec5fd99220e7202cb5546525344767943593280312a05dbfd639fd3a43d0d8c7d1d8f002ffeab
  languageName: node
  linkType: hard

"indexof@npm:0.0.1":
  version: 0.0.1
  resolution: "indexof@npm:0.0.1"
  checksum: 0fb04e8b147b8585d981a6df1564f25bb3678d6fa74e33e5cecc1464b10f78e15e8ef6bb688f135fe5c2844a128fac8a7831cbe5adc81fdcf12681b093dfcc25
  languageName: node
  linkType: hard

"inherits@npm:~1.0.0":
  version: 1.0.2
  resolution: "inherits@npm:1.0.2"
  checksum: e2f5c1d2868f3bc49a6875478dfaad7c09c7c70d00368cfe0eca834d13589f2704b5aa8964caf1c6d26828022a0d21d2b8397d75a435fe952c1af949496bc00a
  languageName: node
  linkType: hard

"inline-source-map@npm:~0.3.0":
  version: 0.3.1
  resolution: "inline-source-map@npm:0.3.1"
  dependencies:
    source-map: ~0.3.0
  checksum: e215bdab3eb7e9730c0c7faab763d37e8100ff6297ceada27a46691be8a44fbc2f3ed37b0e77bda4499f9e1f388f4a9720706a3fd8eb4c04ce1d6af2a2596e26
  languageName: node
  linkType: hard

"insert-module-globals@npm:~1.3.0":
  version: 1.3.1
  resolution: "insert-module-globals@npm:1.3.1"
  dependencies:
    JSONStream: ~0.4.3
    commondir: ~0.0.1
    duplexer: ~0.0.3
    lexical-scope: ~0.0.5
    process: ~0.5.1
    through: ~2.2.0
  bin:
    insert-module-globals: bin/cmd.js
  checksum: f1ea6c20670c53924515a8db744cd58fa17801dcdafba3becf2d2434c21aa4e1422dda8b9e0a7f0b655ae21b19238bff44f8da3af4b4d366f75c8f62aeab1442
  languageName: node
  linkType: hard

"jison-lex@npm:0.3.x":
  version: 0.3.4
  resolution: "jison-lex@npm:0.3.4"
  dependencies:
    lex-parser: 0.1.x
    nomnom: 1.5.2
  bin:
    jison-lex: cli.js
  checksum: 7269cda7337d6be73cc1e467ee337c56d7739515a013ce7e51842a89ef9fe2c495f2f0783140ad4e40a9290c35e09a3ad67f803f7a11b84bc720e7584993c0d3
  languageName: node
  linkType: hard

"jison@workspace:.":
  version: 0.0.0-use.local
  resolution: "jison@workspace:."
  dependencies:
    JSONSelect: 0.4.0
    browserify: 2.x.x
    cjson: 0.3.0
    ebnf-parser: 0.1.10
    escodegen: 1.3.x
    esprima: 1.1.x
    jison: "workspace:."
    jison-lex: 0.3.x
    lex-parser: ~0.1.3
    nomnom: 1.5.2
    test: 0.6.x
    uglify-js: ~2.4.0
  bin:
    jison: lib/cli.js
  languageName: unknown
  linkType: soft

"jsonify@npm:~0.0.0":
  version: 0.0.1
  resolution: "jsonify@npm:0.0.1"
  checksum: 027287e1c0294fce15f18c0ff990cfc2318e7f01fb76515f784d5cd0784abfec6fc5c2355c3a2f2cb0ad7f4aa2f5b74ebbfe4e80476c35b2d13cabdb572e1134
  languageName: node
  linkType: hard

"jsonlint@npm:1.6.0":
  version: 1.6.0
  resolution: "jsonlint@npm:1.6.0"
  dependencies:
    JSV: ">= 4.0.x"
    nomnom: ">= 1.5.x"
  bin:
    jsonlint: lib/cli.js
  checksum: 4354fee80012850bef021d22824a979a567cd7b6a6b5cc43ba563aadbfdfa36b127c4ef1cf5f7b06123dc0f1a6e56a9dac0ccaad567f87db269be1da0f056cda
  languageName: node
  linkType: hard

"jsonparse@npm:0.0.5":
  version: 0.0.5
  resolution: "jsonparse@npm:0.0.5"
  checksum: dd23da239778dd8e4fcbee7db1998628411877f13573991f93110ef5f9983db50ce2ff88853e1e8e59b86b5b3dcf854f804d9a928688d042a42d7cb6e3ed09cd
  languageName: node
  linkType: hard

"lex-parser@npm:0.1.x, lex-parser@npm:~0.1.3":
  version: 0.1.4
  resolution: "lex-parser@npm:0.1.4"
  checksum: 4f8596eea668bb2b2dae26d5f51597ef1debfdec02be6ebc3df7fc224e22ce245e9f45f5b124f98a3d9ed8dd2cbbbe97c437965eb3ac8173cc3be34e00acea86
  languageName: node
  linkType: hard

"lexical-scope@npm:~0.0.5":
  version: 0.0.15
  resolution: "lexical-scope@npm:0.0.15"
  dependencies:
    astw: ~0.0.0
  checksum: 1392c5f8b746219a0f1ad0f5806b2a68fc979e8b229b40c387ce5b19ebecb2a7111d7503478927bb41525a730845c0d481d437e0984a995f0d93ffb46d71a9cf
  languageName: node
  linkType: hard

"minimist@npm:~0.0.1":
  version: 0.0.10
  resolution: "minimist@npm:0.0.10"
  checksum: f7b2cb17af165d042bb3d2803f5e6c38d137f0c36a62230fdb643058c25b56749d2c335b17d4de0b0f08f19cb868cac40df207ff7a4c59fd0771e8762e9b783c
  languageName: node
  linkType: hard

"module-deps@npm:~1.1.0":
  version: 1.1.0
  resolution: "module-deps@npm:1.1.0"
  dependencies:
    JSONStream: ~0.6.4
    browser-resolve: ~1.2.0
    concat-stream: ~1.0.0
    detective: ~2.1.2
    minimist: ~0.0.1
    resolve: ~0.6.0
    through: ~2.3.4
  bin:
    module-deps: cmd.js
  checksum: 75142df2c50802ac2b9adb362e1a8cb1d58dbb0e245d2d43ffdb7ce2a4851132a191f9c144ab65592fa27d52edf14c598680633653d20eb26e967d67c4c4b024
  languageName: node
  linkType: hard

"nomnom@npm:1.5.2":
  version: 1.5.2
  resolution: "nomnom@npm:1.5.2"
  dependencies:
    colors: 0.5.x
    underscore: 1.1.x
  checksum: 90d5746932649bb336f9f6508b240b4394d79a35e264d111c2c507678236f9bd7615f16beae0aad4b4c9b096f746bc83a43f94366bd73d3590075a15efd51a23
  languageName: node
  linkType: hard

"nomnom@npm:>= 1.5.x":
  version: 1.8.1
  resolution: "nomnom@npm:1.8.1"
  dependencies:
    chalk: ~0.4.0
    underscore: ~1.6.0
  checksum: cc6f538062741e8914b65352499c444a754d18a95f8c4b336b9183367c44335f00a9d3beb54648f6a76d5434702a3d71bf37c23ef4c960d39595ed72d376c6fd
  languageName: node
  linkType: hard

"optimist@npm:~0.3.5":
  version: 0.3.7
  resolution: "optimist@npm:0.3.7"
  dependencies:
    wordwrap: ~0.0.2
  checksum: adc02acb8b76d242e56714b47c8c96916b25a5ac2da7b9f735e1f946a970f266f71d53eff0b61d9582ef948301e94734f03b784fa7c309aed0fe7db403d22046
  languageName: node
  linkType: hard

"optimist@npm:~0.5.1":
  version: 0.5.2
  resolution: "optimist@npm:0.5.2"
  dependencies:
    wordwrap: ~0.0.2
  checksum: 3af8dca14bd12fcf1d3d3e5fd6702c7ecb8d54829fdeb6b425478d316c96cd02a29e0976355aed4043a4500bd6e18c6f1a05a86f044ff157d3072eb6375dc104
  languageName: node
  linkType: hard

"os-browserify@npm:0.1.x":
  version: 0.1.2
  resolution: "os-browserify@npm:0.1.2"
  checksum: c00078aeda71e47d8e2443c43793bbe2745a079b224fc69c71228bd6b39782c15f6746b5c59e6dcc5bb930ee9185c34d8dcdbdc0b37b8dfaa20be347301c2f0e
  languageName: node
  linkType: hard

"parents@npm:~0.0.1":
  version: 0.0.3
  resolution: "parents@npm:0.0.3"
  dependencies:
    path-platform: ^0.0.1
  checksum: f4364fb762c2c612b621cd05ff14cecbbe70ff7793c6f130cf9cc408479883007b35ed59d22b83a9b5385b45f163a273e77b60f078f1013ef693701aa98b2e46
  languageName: node
  linkType: hard

"path-platform@npm:^0.0.1":
  version: 0.0.1
  resolution: "path-platform@npm:0.0.1"
  checksum: 836eb513d932dbc4d454bfd5e2f5e2cff3cc6ac7c53b905a6e20bd0588adfd4f689bed20bf171edfe119966e6c058916b5b84ce0f52d60690f0df582b3a20b2e
  languageName: node
  linkType: hard

"process@npm:~0.5.1":
  version: 0.5.2
  resolution: "process@npm:0.5.2"
  checksum: 613505ec6d518654fc9c677881c6b8c871179dbf4bfe23f5a7a15defdb58efb1b75bfc96576adc118ba0bca1b76c359687a13f7d43950af0b7d5caa27efbe9e3
  languageName: node
  linkType: hard

"punycode@npm:1.2.x":
  version: 1.2.4
  resolution: "punycode@npm:1.2.4"
  checksum: f5663572311a5c7f12595029e6291e033a83041afc975a68e7e6d991edc95e6d91ed86cb3f3a503dab222e74defa2ed1a64408493b296457eb4be146d0666bd4
  languageName: node
  linkType: hard

"resolve@npm:0.6.3, resolve@npm:~0.6.0":
  version: 0.6.3
  resolution: "resolve@npm:0.6.3"
  checksum: c3b5d34ba79635ffe380eb0e428e0b49259734ad2c86945c6b3238155b0753d8bcf858c6b99966b3fdb536062f6e204675e4542269f065e34210bb3a6f602f9d
  languageName: node
  linkType: hard

"resolve@npm:~0.3.0":
  version: 0.3.1
  resolution: "resolve@npm:0.3.1"
  checksum: 138574a2608ca733797a93affc8984f65caaea5eab2053b50ac5f723b13f7c99fd98d9e9d9e68d733c9aa7443f9aff1194de1854725bcb8dd07a2f89cf9ff4a5
  languageName: node
  linkType: hard

"resolve@patch:resolve@0.6.3#~builtin<compat/resolve>, resolve@patch:resolve@~0.6.0#~builtin<compat/resolve>":
  version: 0.6.3
  resolution: "resolve@patch:resolve@npm%3A0.6.3#~builtin<compat/resolve>::version=0.6.3&hash=3bafbf"
  checksum: fbdc248b89f655da8ff1509c000027702455d36e99943307d6e939bbef8b6f2bf67f82aa82ceb968f121febea128dd9b3e544fc6497c105204b1633bee1efad9
  languageName: node
  linkType: hard

"resolve@patch:resolve@~0.3.0#~builtin<compat/resolve>":
  version: 0.3.1
  resolution: "resolve@patch:resolve@npm%3A0.3.1#~builtin<compat/resolve>::version=0.3.1&hash=3bafbf"
  checksum: 177c308d41dc3f63126f8e73b8177ad33b78e16df24a070c89041a0ca0cd6ad3c6a0508ba0a973c802d3f3e0fa8ca3153caa3d36a6b1aa5779b9a9f039333a7d
  languageName: node
  linkType: hard

"rfile@npm:~1.0, rfile@npm:~1.0.0":
  version: 1.0.0
  resolution: "rfile@npm:1.0.0"
  dependencies:
    callsite: ~1.0.0
    resolve: ~0.3.0
  checksum: b2878424d97eedc8c80e542f4c243b9f8caf1ac94c95c92742cf2b01d381bd5b86596872a28e515557e6b8a40af7339bb58446cc0c58294b7795a6591cf0cf85
  languageName: node
  linkType: hard

"ruglify@npm:~1.0.0":
  version: 1.0.0
  resolution: "ruglify@npm:1.0.0"
  dependencies:
    rfile: ~1.0
    uglify-js: ~2.2
  checksum: a1f76961c0e188ab5bf140ee762f5793286c5a232131c8f064eb94e1e1bbf2fcd5bdb6beadb0a849d2b31f83ded7486e8b26d0c98deed44b44f5c9e71cc0118e
  languageName: node
  linkType: hard

"shell-quote@npm:~0.0.1":
  version: 0.0.1
  resolution: "shell-quote@npm:0.0.1"
  checksum: 19d708f83f65df3f03bee1fbd499635e5afb8c00eded4a000d9365029ea51dd39f3155ba926da260b8aeba1860ca79a064b845cf78e20b4e790aacbf3958de8d
  languageName: node
  linkType: hard

"source-map@npm:0.1.34":
  version: 0.1.34
  resolution: "source-map@npm:0.1.34"
  dependencies:
    amdefine: ">=0.0.4"
  checksum: d12822db7234037317906c9b93d4392218e20f3fc755bb73942296b2d76396895dae4571c431b59a9275d030d834807d03a0de15e8b492f810c6fee5fc88c791
  languageName: node
  linkType: hard

"source-map@npm:>= 0.1.2":
  version: 0.7.4
  resolution: "source-map@npm:0.7.4"
  checksum: 01cc5a74b1f0e1d626a58d36ad6898ea820567e87f18dfc9d24a9843a351aaa2ec09b87422589906d6ff1deed29693e176194dc88bcae7c9a852dc74b311dbf5
  languageName: node
  linkType: hard

"source-map@npm:~0.1.31, source-map@npm:~0.1.33, source-map@npm:~0.1.7":
  version: 0.1.43
  resolution: "source-map@npm:0.1.43"
  dependencies:
    amdefine: ">=0.0.4"
  checksum: 0a230f8cae8a8ea70bd36701c33d01fb0c437b798508a561c896a99b42f5af81a206176a250fc654c7c57a736b8081c4b4a6c9887455f7d2724f847451f1d7d9
  languageName: node
  linkType: hard

"source-map@npm:~0.3.0":
  version: 0.3.0
  resolution: "source-map@npm:0.3.0"
  dependencies:
    amdefine: ">=0.0.4"
  checksum: 395757a0891e1d5d68dd19ff803c4c281a496486539948c4447aab68416206573218a5f89ea3cbd39f77d9e4c6dd81e90a3f1c35e852107d8772069d4cfe5c11
  languageName: node
  linkType: hard

"stream-combiner@npm:~0.0.2":
  version: 0.0.4
  resolution: "stream-combiner@npm:0.0.4"
  dependencies:
    duplexer: ~0.1.1
  checksum: 844b622cfe8b9de45a6007404f613b60aaf85200ab9862299066204242f89a7c8033b1c356c998aa6cfc630f6cd9eba119ec1c6dc1f93e245982be4a847aee7d
  languageName: node
  linkType: hard

"strip-ansi@npm:~0.1.0":
  version: 0.1.1
  resolution: "strip-ansi@npm:0.1.1"
  bin:
    strip-ansi: cli.js
  checksum: 31f1d4d3b86e6d968aa568bf47d712626dd748aff7d576a98ba2ed378dd60dfb1475898254b62479779231e50a38f0b7ea0b66d3b22d14cde38b769c1c747d33
  languageName: node
  linkType: hard

"syntax-error@npm:~0.0.0":
  version: 0.0.1
  resolution: "syntax-error@npm:0.0.1"
  dependencies:
    esprima: ~0.9.9
  checksum: 1578249f93664a548bb76df837c27538e4cd505460b82fd0d05e7bfb92d64bb8883fcd7cfdfe55f531aadaf742695f9b8a0c58ea0cdb3950bb04f697aa95858b
  languageName: node
  linkType: hard

"tape@npm:~0.2.2":
  version: 0.2.2
  resolution: "tape@npm:0.2.2"
  dependencies:
    deep-equal: ~0.0.0
    defined: ~0.0.0
    jsonify: ~0.0.0
  checksum: 48e21c40830279f474ad9e08b38f08cb999a9f0c290a4d0821659725875f2378489b6a99dd941cd85460b56bde6768006a65eef0a4e80446fa2220757122faf9
  languageName: node
  linkType: hard

"test@npm:0.6.x":
  version: 0.6.0
  resolution: "test@npm:0.6.0"
  dependencies:
    ansi-font: 0.0.2
  checksum: 5d6c4ede72bbc24125881814720c0b894210aa0705be11af570db4de58e3068d7d7ea14f6736e18349938e0b3e91d27f8c83f187cc78c91ee688a33bc9a3588d
  languageName: node
  linkType: hard

"through@npm:~2.2.0, through@npm:~2.2.7":
  version: 2.2.7
  resolution: "through@npm:2.2.7"
  checksum: f5de543edc64e8028c9552b98ec38be19839f10f68fb33d3852c8863d643b28952648c96b18b91122a6522911bce12f559e86d61e63ce5a6a199599c2bb5d45d
  languageName: node
  linkType: hard

"through@npm:~2.3.4":
  version: 2.3.8
  resolution: "through@npm:2.3.8"
  checksum: a38c3e059853c494af95d50c072b83f8b676a9ba2818dcc5b108ef252230735c54e0185437618596c790bbba8fcdaef5b290405981ffa09dce67b1f1bf190cbd
  languageName: node
  linkType: hard

"to-utf8@npm:0.0.1":
  version: 0.0.1
  resolution: "to-utf8@npm:0.0.1"
  checksum: a47f526ef32a50137871181d2b4b043579445fb6edea0d435881a972c23fbc6e50b8d227a99d161494d47262345d73a24cfcaad46d7c7a021a11d24d1ad61238
  languageName: node
  linkType: hard

"uglify-js@npm:~2.2":
  version: 2.2.5
  resolution: "uglify-js@npm:2.2.5"
  dependencies:
    optimist: ~0.3.5
    source-map: ~0.1.7
  bin:
    uglifyjs: bin/uglifyjs
  checksum: 4d7267724d5295994f771997d2b5e3335cd743fc1a892d7656509fb1c16ca7bb0ab5a43760b125674973ffd89b2083e5a1c3e534d2f771174c465b4f48ce93f2
  languageName: node
  linkType: hard

"uglify-js@npm:~2.4.0":
  version: 2.4.24
  resolution: "uglify-js@npm:2.4.24"
  dependencies:
    async: ~0.2.6
    source-map: 0.1.34
    uglify-to-browserify: ~1.0.0
    yargs: ~3.5.4
  bin:
    uglifyjs: bin/uglifyjs
  checksum: 5f24e3861b4ae169a409dbf15bfc94677f1132a47799e63a98914a111d8c8c005504062c4eadddf3a2d102ecda84db462e68914fb580a61f90896938e6260032
  languageName: node
  linkType: hard

"uglify-to-browserify@npm:~1.0.0":
  version: 1.0.2
  resolution: "uglify-to-browserify@npm:1.0.2"
  checksum: cfa7e2c233b33dc952fcf6ddb2a1e04f48b733fc00314d7282447dde0d7cebc7cf0085d4752abbc82127a4b458c2bf66c63bd8a574be3b2faa0effaabd971370
  languageName: node
  linkType: hard

"umd@npm:~1.3.0":
  version: 1.3.1
  resolution: "umd@npm:1.3.1"
  dependencies:
    rfile: ~1.0.0
    ruglify: ~1.0.0
    through: ~2.3.4
    uglify-js: ~2.4.0
  bin:
    umd: ./bin/cli.js
  checksum: 211a79e6588f6c9cbbd855855bcde8c278f386b3adf355cb17aca83fc291e634405af59927d0d83f5a9297b466bc17749c6baee4c75293dbc324d8258b1a1a53
  languageName: node
  linkType: hard

"underscore@npm:1.1.x":
  version: 1.1.7
  resolution: "underscore@npm:1.1.7"
  checksum: 0c728c3bd3e7a7f0f7aa4d7f53e4afbd6c3af357fb1d16425d0fc39cc477f98def2a0f7039d3047fad76edac073cf7370cef75416115e90521d93999999d4861
  languageName: node
  linkType: hard

"underscore@npm:~1.6.0":
  version: 1.6.0
  resolution: "underscore@npm:1.6.0"
  checksum: bfb837d95164077bd2751247dd9797546287c060d86c3a730f590948dbc132b426238e37df7bea28f39d3e3abf571de5b974809ee3c32d309280fed851588ef9
  languageName: node
  linkType: hard

"vm-browserify@npm:0.0.x":
  version: 0.0.4
  resolution: "vm-browserify@npm:0.0.4"
  dependencies:
    indexof: 0.0.1
  checksum: 96f216ab040452b4da801c3e759307f10782017e9e7eae8ebd5a93e61340ff46caa4b13839ece52b8947b8e8aca59a285f723b6b7b101d8e46131b804bcf195d
  languageName: node
  linkType: hard

"window-size@npm:0.1.0":
  version: 0.1.0
  resolution: "window-size@npm:0.1.0"
  checksum: ca88d06a353e2ab264f68d8684c3e6bb461ac3b2205c372c290785cb4367e57a025d7760a0b030ea6af4daf5884394b78d0b2480e8d6699d8d799d5c65edcbd0
  languageName: node
  linkType: hard

"wordwrap@npm:0.0.2":
  version: 0.0.2
  resolution: "wordwrap@npm:0.0.2"
  checksum: 1152eb7f04c3771df4fd8ea817e3945586f6be2e906cd7d95e60248e136a7f506c911cc738f963b7b18f74c215d7fe61f5b276fc82c3cee930abfc61a215afec
  languageName: node
  linkType: hard

"wordwrap@npm:~0.0.2":
  version: 0.0.3
  resolution: "wordwrap@npm:0.0.3"
  checksum: dfc2d3512e857ae4b3bc2e8d4e5d2c285c28a4b87cd1d81c977ce9a1a99152d355807e046851a3d61148f39d877fbb889352e07b65a9cbdd2256aa928e159026
  languageName: node
  linkType: hard

"yargs@npm:~3.5.4":
  version: 3.5.4
  resolution: "yargs@npm:3.5.4"
  dependencies:
    camelcase: ^1.0.2
    decamelize: ^1.0.0
    window-size: 0.1.0
    wordwrap: 0.0.2
  checksum: d663375eaef6adef27bf3096d05230e272d69ee6dc00e509988a10c09b1d3acf0aebc4096a7b7e542b222ed05ff32a0a06ac92ba3c9aa721f4b249940b13b15b
  languageName: node
  linkType: hard

"zlib-browserify@npm:0.0.x":
  version: 0.0.3
  resolution: "zlib-browserify@npm:0.0.3"
  dependencies:
    tape: ~0.2.2
  checksum: ec965a2fcf3e2440bab4b564cd23f51f99ff89760d031ae5143a95fc1b54e8e8459e451c0caf1f4ce777f8f3798a0924620d0d4fc8937a36951e0322219384fb
  languageName: node
  linkType: hard
